
Microsoft Visual Studio Solution File, Format Version 12.00
# Visual Studio 15
VisualStudioVersion = 15.0.28307.779
MinimumVisualStudioVersion = 10.0.40219.1
Project("{FAE04EC0-301F-11D3-BF4B-00C04F79EFBC}") = "Server", "Server\Server.csproj", "{08E80847-8267-40B9-9AEC-008A0238EB00}"
EndProject
Project("{FAE04EC0-301F-11D3-BF4B-00C04F79EFBC}") = "Client", "Client\Client.csproj", "{14B22825-ADC2-46C1-9965-C6FC5BC20456}"
EndProject
Global
	GlobalSection(SolutionConfigurationPlatforms) = preSolution
		Debug|Any CPU = Debug|Any CPU
		Release|Any CPU = Release|Any CPU
	EndGlobalSection
	GlobalSection(ProjectConfigurationPlatforms) = postSolution
		{08E80847-8267-40B9-9AEC-008A0238EB00}.Debug|Any CPU.ActiveCfg = Debug|Any CPU
		{08E80847-8267-40B9-9AEC-008A0238EB00}.Debug|Any CPU.Build.0 = Debug|Any CPU
		{08E80847-8267-40B9-9AEC-008A0238EB00}.Release|Any CPU.ActiveCfg = Release|Any CPU
		{08E80847-8267-40B9-9AEC-008A0238EB00}.Release|Any CPU.Build.0 = Release|Any CPU
		{14B22825-ADC2-46C1-9965-C6FC5BC20456}.Debug|Any CPU.ActiveCfg = Debug|Any CPU
		{14B22825-ADC2-46C1-9965-C6FC5BC20456}.Debug|Any CPU.Build.0 = Debug|Any CPU
		{14B22825-ADC2-46C1-9965-C6FC5BC20456}.Release|Any CPU.ActiveCfg = Release|Any CPU
		{14B22825-ADC2-46C1-9965-C6FC5BC20456}.Release|Any CPU.Build.0 = Release|Any CPU
	EndGlobalSection
	GlobalSection(SolutionProperties) = preSolution
		HideSolutionNode = FALSE
	EndGlobalSection
	GlobalSection(ExtensibilityGlobals) = postSolution
		SolutionGuid = {EC16DA68-699E-423F-8627-C1D3BE4B56FE}
	EndGlobalSection
EndGlobal
